// !$*UTF8*$!
{
	archiveVersion = 1;
	classes = {
	};
	objectVersion = 46;
	objects = {

/* Begin PBXBuildFile section */
		B7D4BBFD1E2751B6009EBC9D /* main.m in Sources */ = {isa = PBXBuildFile; fileRef = B7D4BBFC1E2751B6009EBC9D /* main.m */; };
		B7D4BC001E2751B6009EBC9D /* AppDelegate.m in Sources */ = {isa = PBXBuildFile; fileRef = B7D4BBFF1E2751B6009EBC9D /* AppDelegate.m */; };
		B7D4BC021E2751B6009EBC9D /* Assets.xcassets in Resources */ = {isa = PBXBuildFile; fileRef = B7D4BC011E2751B6009EBC9D /* Assets.xcassets */; };
		B7D4BC051E2751B6009EBC9D /* LaunchScreen.storyboard in Resources */ = {isa = PBXBuildFile; fileRef = B7D4BC031E2751B6009EBC9D /* LaunchScreen.storyboard */; };
		B7D4BC101E2751B6009EBC9D /* WaterFallTests.m in Sources */ = {isa = PBXBuildFile; fileRef = B7D4BC0F1E2751B6009EBC9D /* WaterFallTests.m */; };
		B7D4BC1B1E2751B6009EBC9D /* WaterFallUITests.m in Sources */ = {isa = PBXBuildFile; fileRef = B7D4BC1A1E2751B6009EBC9D /* WaterFallUITests.m */; };
		B7D4BC2D1E275238009EBC9D /* WaterFallController.m in Sources */ = {isa = PBXBuildFile; fileRef = B7D4BC2C1E275238009EBC9D /* WaterFallController.m */; };
		B7D4BC301E275253009EBC9D /* ImageModel.m in Sources */ = {isa = PBXBuildFile; fileRef = B7D4BC2F1E275253009EBC9D /* ImageModel.m */; };
		B7D4BC341E2752A2009EBC9D /* ImageCell.m in Sources */ = {isa = PBXBuildFile; fileRef = B7D4BC321E2752A2009EBC9D /* ImageCell.m */; };
		B7D4BC351E2752A2009EBC9D /* ImageCell.xib in Resources */ = {isa = PBXBuildFile; fileRef = B7D4BC331E2752A2009EBC9D /* ImageCell.xib */; };
		B7D4BCBC1E275B7A009EBC9D /* 1.jpg in Resources */ = {isa = PBXBuildFile; fileRef = B7D4BC8A1E275B7A009EBC9D /* 1.jpg */; };
		B7D4BCBD1E275B7A009EBC9D /* 2.jpg in Resources */ = {isa = PBXBuildFile; fileRef = B7D4BC8B1E275B7A009EBC9D /* 2.jpg */; };
		B7D4BCBE1E275B7A009EBC9D /* 3.jpg in Resources */ = {isa = PBXBuildFile; fileRef = B7D4BC8C1E275B7A009EBC9D /* 3.jpg */; };
		B7D4BCBF1E275B7A009EBC9D /* 4.jpg in Resources */ = {isa = PBXBuildFile; fileRef = B7D4BC8D1E275B7A009EBC9D /* 4.jpg */; };
		B7D4BCC01E275B7A009EBC9D /* 5.jpg in Resources */ = {isa = PBXBuildFile; fileRef = B7D4BC8E1E275B7A009EBC9D /* 5.jpg */; };
		B7D4BCC11E275B7A009EBC9D /* 6.jpg in Resources */ = {isa = PBXBuildFile; fileRef = B7D4BC8F1E275B7A009EBC9D /* 6.jpg */; };
		B7D4BCC21E275B7A009EBC9D /* 7.jpg in Resources */ = {isa = PBXBuildFile; fileRef = B7D4BC901E275B7A009EBC9D /* 7.jpg */; };
		B7D4BCC31E275B7A009EBC9D /* 8.jpg in Resources */ = {isa = PBXBuildFile; fileRef = B7D4BC911E275B7A009EBC9D /* 8.jpg */; };
		B7D4BCC41E275B7A009EBC9D /* 9.jpg in Resources */ = {isa = PBXBuildFile; fileRef = B7D4BC921E275B7A009EBC9D /* 9.jpg */; };
		B7D4BCC51E275B7A009EBC9D /* 10.jpg in Resources */ = {isa = PBXBuildFile; fileRef = B7D4BC931E275B7A009EBC9D /* 10.jpg */; };
		B7D4BCC61E275B7A009EBC9D /* 11.jpg in Resources */ = {isa = PBXBuildFile; fileRef = B7D4BC941E275B7A009EBC9D /* 11.jpg */; };
		B7D4BCC71E275B7A009EBC9D /* 12.jpg in Resources */ = {isa = PBXBuildFile; fileRef = B7D4BC951E275B7A009EBC9D /* 12.jpg */; };
		B7D4BCC81E275B7A009EBC9D /* 13.jpg in Resources */ = {isa = PBXBuildFile; fileRef = B7D4BC961E275B7A009EBC9D /* 13.jpg */; };
		B7D4BCC91E275B7A009EBC9D /* 14.jpg in Resources */ = {isa = PBXBuildFile; fileRef = B7D4BC971E275B7A009EBC9D /* 14.jpg */; };
		B7D4BCCA1E275B7A009EBC9D /* 15.jpg in Resources */ = {isa = PBXBuildFile; fileRef = B7D4BC981E275B7A009EBC9D /* 15.jpg */; };
		B7D4BCCB1E275B7A009EBC9D /* 16.jpg in Resources */ = {isa = PBXBuildFile; fileRef = B7D4BC991E275B7A009EBC9D /* 16.jpg */; };
/* End PBXBuildFile section */

/* Begin PBXContainerItemProxy section */
		B7D4BC0C1E2751B6009EBC9D /* PBXContainerItemProxy */ = {
			isa = PBXContainerItemProxy;
			containerPortal = B7D4BBF01E2751B6009EBC9D /* Project object */;
			proxyType = 1;
			remoteGlobalIDString = B7D4BBF71E2751B6009EBC9D;
			remoteInfo = WaterFall;
		};
		B7D4BC171E2751B6009EBC9D /* PBXContainerItemProxy */ = {
			isa = PBXContainerItemProxy;
			containerPortal = B7D4BBF01E2751B6009EBC9D /* Project object */;
			proxyType = 1;
			remoteGlobalIDString = B7D4BBF71E2751B6009EBC9D;
			remoteInfo = WaterFall;
		};
/* End PBXContainerItemProxy section */

/* Begin PBXFileReference section */
		B7D4BBF81E2751B6009EBC9D /* WaterFall.app */ = {isa = PBXFileReference; explicitFileType = wrapper.application; includeInIndex = 0; path = WaterFall.app; sourceTree = BUILT_PRODUCTS_DIR; };
		B7D4BBFC1E2751B6009EBC9D /* main.m */ = {isa = PBXFileReference; lastKnownFileType = sourcecode.c.objc; path = main.m; sourceTree = "<group>"; };
		B7D4BBFE1E2751B6009EBC9D /* AppDelegate.h */ = {isa = PBXFileReference; lastKnownFileType = sourcecode.c.h; path = AppDelegate.h; sourceTree = "<group>"; };
		B7D4BBFF1E2751B6009EBC9D /* AppDelegate.m */ = {isa = PBXFileReference; lastKnownFileType = sourcecode.c.objc; path = AppDelegate.m; sourceTree = "<group>"; };
		B7D4BC011E2751B6009EBC9D /* Assets.xcassets */ = {isa = PBXFileReference; lastKnownFileType = folder.assetcatalog; path = Assets.xcassets; sourceTree = "<group>"; };
		B7D4BC041E2751B6009EBC9D /* Base */ = {isa = PBXFileReference; lastKnownFileType = file.storyboard; name = Base; path = Base.lproj/LaunchScreen.storyboard; sourceTree = "<group>"; };
		B7D4BC061E2751B6009EBC9D /* Info.plist */ = {isa = PBXFileReference; lastKnownFileType = text.plist.xml; path = Info.plist; sourceTree = "<group>"; };
		B7D4BC0B1E2751B6009EBC9D /* WaterFallTests.xctest */ = {isa = PBXFileReference; explicitFileType = wrapper.cfbundle; includeInIndex = 0; path = WaterFallTests.xctest; sourceTree = BUILT_PRODUCTS_DIR; };
		B7D4BC0F1E2751B6009EBC9D /* WaterFallTests.m */ = {isa = PBXFileReference; lastKnownFileType = sourcecode.c.objc; path = WaterFallTests.m; sourceTree = "<group>"; };
		B7D4BC111E2751B6009EBC9D /* Info.plist */ = {isa = PBXFileReference; lastKnownFileType = text.plist.xml; path = Info.plist; sourceTree = "<group>"; };
		B7D4BC161E2751B6009EBC9D /* WaterFallUITests.xctest */ = {isa = PBXFileReference; explicitFileType = wrapper.cfbundle; includeInIndex = 0; path = WaterFallUITests.xctest; sourceTree = BUILT_PRODUCTS_DIR; };
		B7D4BC1A1E2751B6009EBC9D /* WaterFallUITests.m */ = {isa = PBXFileReference; lastKnownFileType = sourcecode.c.objc; path = WaterFallUITests.m; sourceTree = "<group>"; };
		B7D4BC1C1E2751B6009EBC9D /* Info.plist */ = {isa = PBXFileReference; lastKnownFileType = text.plist.xml; path = Info.plist; sourceTree = "<group>"; };
		B7D4BC2B1E275238009EBC9D /* WaterFallController.h */ = {isa = PBXFileReference; fileEncoding = 4; lastKnownFileType = sourcecode.c.h; path = WaterFallController.h; sourceTree = "<group>"; };
		B7D4BC2C1E275238009EBC9D /* WaterFallController.m */ = {isa = PBXFileReference; fileEncoding = 4; lastKnownFileType = sourcecode.c.objc; path = WaterFallController.m; sourceTree = "<group>"; };
		B7D4BC2E1E275253009EBC9D /* ImageModel.h */ = {isa = PBXFileReference; fileEncoding = 4; lastKnownFileType = sourcecode.c.h; path = ImageModel.h; sourceTree = "<group>"; };
		B7D4BC2F1E275253009EBC9D /* ImageModel.m */ = {isa = PBXFileReference; fileEncoding = 4; lastKnownFileType = sourcecode.c.objc; path = ImageModel.m; sourceTree = "<group>"; };
		B7D4BC311E2752A2009EBC9D /* ImageCell.h */ = {isa = PBXFileReference; fileEncoding = 4; lastKnownFileType = sourcecode.c.h; path = ImageCell.h; sourceTree = "<group>"; };
		B7D4BC321E2752A2009EBC9D /* ImageCell.m */ = {isa = PBXFileReference; fileEncoding = 4; lastKnownFileType = sourcecode.c.objc; path = ImageCell.m; sourceTree = "<group>"; };
		B7D4BC331E2752A2009EBC9D /* ImageCell.xib */ = {isa = PBXFileReference; fileEncoding = 4; lastKnownFileType = file.xib; path = ImageCell.xib; sourceTree = "<group>"; };
		B7D4BC8A1E275B7A009EBC9D /* 1.jpg */ = {isa = PBXFileReference; lastKnownFileType = image.jpeg; path = 1.jpg; sourceTree = "<group>"; };
		B7D4BC8B1E275B7A009EBC9D /* 2.jpg */ = {isa = PBXFileReference; lastKnownFileType = image.jpeg; path = 2.jpg; sourceTree = "<group>"; };
		B7D4BC8C1E275B7A009EBC9D /* 3.jpg */ = {isa = PBXFileReference; lastKnownFileType = image.jpeg; path = 3.jpg; sourceTree = "<group>"; };
		B7D4BC8D1E275B7A009EBC9D /* 4.jpg */ = {isa = PBXFileReference; lastKnownFileType = image.jpeg; path = 4.jpg; sourceTree = "<group>"; };
		B7D4BC8E1E275B7A009EBC9D /* 5.jpg */ = {isa = PBXFileReference; lastKnownFileType = image.jpeg; path = 5.jpg; sourceTree = "<group>"; };
		B7D4BC8F1E275B7A009EBC9D /* 6.jpg */ = {isa = PBXFileReference; lastKnownFileType = image.jpeg; path = 6.jpg; sourceTree = "<group>"; };
		B7D4BC901E275B7A009EBC9D /* 7.jpg */ = {isa = PBXFileReference; lastKnownFileType = image.jpeg; path = 7.jpg; sourceTree = "<group>"; };
		B7D4BC911E275B7A009EBC9D /* 8.jpg */ = {isa = PBXFileReference; lastKnownFileType = image.jpeg; path = 8.jpg; sourceTree = "<group>"; };
		B7D4BC921E275B7A009EBC9D /* 9.jpg */ = {isa = PBXFileReference; lastKnownFileType = image.jpeg; path = 9.jpg; sourceTree = "<group>"; };
		B7D4BC931E275B7A009EBC9D /* 10.jpg */ = {isa = PBXFileReference; lastKnownFileType = image.jpeg; path = 10.jpg; sourceTree = "<group>"; };
		B7D4BC941E275B7A009EBC9D /* 11.jpg */ = {isa = PBXFileReference; lastKnownFileType = image.jpeg; path = 11.jpg; sourceTree = "<group>"; };
		B7D4BC951E275B7A009EBC9D /* 12.jpg */ = {isa = PBXFileReference; lastKnownFileType = image.jpeg; path = 12.jpg; sourceTree = "<group>"; };
		B7D4BC961E275B7A009EBC9D /* 13.jpg */ = {isa = PBXFileReference; lastKnownFileType = image.jpeg; path = 13.jpg; sourceTree = "<group>"; };
		B7D4BC971E275B7A009EBC9D /* 14.jpg */ = {isa = PBXFileReference; lastKnownFileType = image.jpeg; path = 14.jpg; sourceTree = "<group>"; };
		B7D4BC981E275B7A009EBC9D /* 15.jpg */ = {isa = PBXFileReference; lastKnownFileType = image.jpeg; path = 15.jpg; sourceTree = "<group>"; };
		B7D4BC991E275B7A009EBC9D /* 16.jpg */ = {isa = PBXFileReference; lastKnownFileType = image.jpeg; path = 16.jpg; sourceTree = "<group>"; };
/* End PBXFileReference section */

/* Begin PBXFrameworksBuildPhase section */
		B7D4BBF51E2751B6009EBC9D /* Frameworks */ = {
			isa = PBXFrameworksBuildPhase;
			buildActionMask = 2147483647;
			files = (
			);
			runOnlyForDeploymentPostprocessing = 0;
		};
		B7D4BC081E2751B6009EBC9D /* Frameworks */ = {
			isa = PBXFrameworksBuildPhase;
			buildActionMask = 2147483647;
			files = (
			);
			runOnlyForDeploymentPostprocessing = 0;
		};
		B7D4BC131E2751B6009EBC9D /* Frameworks */ = {
			isa = PBXFrameworksBuildPhase;
			buildActionMask = 2147483647;
			files = (
			);
			runOnlyForDeploymentPostprocessing = 0;
		};
/* End PBXFrameworksBuildPhase section */

/* Begin PBXGroup section */
		B7D4BBEF1E2751B6009EBC9D = {
			isa = PBXGroup;
			children = (
				B7D4BBFA1E2751B6009EBC9D /* WaterFall */,
				B7D4BC0E1E2751B6009EBC9D /* WaterFallTests */,
				B7D4BC191E2751B6009EBC9D /* WaterFallUITests */,
				B7D4BBF91E2751B6009EBC9D /* Products */,
			);
			sourceTree = "<group>";
		};
		B7D4BBF91E2751B6009EBC9D /* Products */ = {
			isa = PBXGroup;
			children = (
				B7D4BBF81E2751B6009EBC9D /* WaterFall.app */,
				B7D4BC0B1E2751B6009EBC9D /* WaterFallTests.xctest */,
				B7D4BC161E2751B6009EBC9D /* WaterFallUITests.xctest */,
			);
			name = Products;
			sourceTree = "<group>";
		};
		B7D4BBFA1E2751B6009EBC9D /* WaterFall */ = {
			isa = PBXGroup;
			children = (
				B7D4BC361E2753A0009EBC9D /* Resources */,
				B7D4BC281E27520C009EBC9D /* Controllers */,
				B7D4BC291E27520C009EBC9D /* Models */,
				B7D4BC2A1E27520C009EBC9D /* Views */,
				B7D4BBFE1E2751B6009EBC9D /* AppDelegate.h */,
				B7D4BBFF1E2751B6009EBC9D /* AppDelegate.m */,
				B7D4BC011E2751B6009EBC9D /* Assets.xcassets */,
				B7D4BC031E2751B6009EBC9D /* LaunchScreen.storyboard */,
				B7D4BC061E2751B6009EBC9D /* Info.plist */,
				B7D4BBFB1E2751B6009EBC9D /* Supporting Files */,
			);
			path = WaterFall;
			sourceTree = "<group>";
		};
		B7D4BBFB1E2751B6009EBC9D /* Supporting Files */ = {
			isa = PBXGroup;
			children = (
				B7D4BBFC1E2751B6009EBC9D /* main.m */,
			);
			name = "Supporting Files";
			sourceTree = "<group>";
		};
		B7D4BC0E1E2751B6009EBC9D /* WaterFallTests */ = {
			isa = PBXGroup;
			children = (
				B7D4BC0F1E2751B6009EBC9D /* WaterFallTests.m */,
				B7D4BC111E2751B6009EBC9D /* Info.plist */,
			);
			path = WaterFallTests;
			sourceTree = "<group>";
		};
		B7D4BC191E2751B6009EBC9D /* WaterFallUITests */ = {
			isa = PBXGroup;
			children = (
				B7D4BC1A1E2751B6009EBC9D /* WaterFallUITests.m */,
				B7D4BC1C1E2751B6009EBC9D /* Info.plist */,
			);
			path = WaterFallUITests;
			sourceTree = "<group>";
		};
		B7D4BC281E27520C009EBC9D /* Controllers */ = {
			isa = PBXGroup;
			children = (
				B7D4BC2B1E275238009EBC9D /* WaterFallController.h */,
				B7D4BC2C1E275238009EBC9D /* WaterFallController.m */,
			);
			path = Controllers;
			sourceTree = "<group>";
		};
		B7D4BC291E27520C009EBC9D /* Models */ = {
			isa = PBXGroup;
			children = (
				B7D4BC2E1E275253009EBC9D /* ImageModel.h */,
				B7D4BC2F1E275253009EBC9D /* ImageModel.m */,
			);
			path = Models;
			sourceTree = "<group>";
		};
		B7D4BC2A1E27520C009EBC9D /* Views */ = {
			isa = PBXGroup;
			children = (
				B7D4BC311E2752A2009EBC9D /* ImageCell.h */,
				B7D4BC321E2752A2009EBC9D /* ImageCell.m */,
				B7D4BC331E2752A2009EBC9D /* ImageCell.xib */,
			);
			path = Views;
			sourceTree = "<group>";
		};
		B7D4BC361E2753A0009EBC9D /* Resources */ = {
			isa = PBXGroup;
			children = (
				B7D4BC371E2753BB009EBC9D /* WaterFallImages */,
			);
			path = Resources;
			sourceTree = "<group>";
		};
		B7D4BC371E2753BB009EBC9D /* WaterFallImages */ = {
			isa = PBXGroup;
			children = (
				B7D4BC8A1E275B7A009EBC9D /* 1.jpg */,
				B7D4BC8B1E275B7A009EBC9D /* 2.jpg */,
				B7D4BC8C1E275B7A009EBC9D /* 3.jpg */,
				B7D4BC8D1E275B7A009EBC9D /* 4.jpg */,
				B7D4BC8E1E275B7A009EBC9D /* 5.jpg */,
				B7D4BC8F1E275B7A009EBC9D /* 6.jpg */,
				B7D4BC901E275B7A009EBC9D /* 7.jpg */,
				B7D4BC911E275B7A009EBC9D /* 8.jpg */,
				B7D4BC921E275B7A009EBC9D /* 9.jpg */,
				B7D4BC931E275B7A009EBC9D /* 10.jpg */,
				B7D4BC941E275B7A009EBC9D /* 11.jpg */,
				B7D4BC951E275B7A009EBC9D /* 12.jpg */,
				B7D4BC961E275B7A009EBC9D /* 13.jpg */,
				B7D4BC971E275B7A009EBC9D /* 14.jpg */,
				B7D4BC981E275B7A009EBC9D /* 15.jpg */,
				B7D4BC991E275B7A009EBC9D /* 16.jpg */,
			);
			path = WaterFallImages;
			sourceTree = "<group>";
		};
/* End PBXGroup section */

/* Begin PBXNativeTarget section */
		B7D4BBF71E2751B6009EBC9D /* WaterFall */ = {
			isa = PBXNativeTarget;
			buildConfigurationList = B7D4BC1F1E2751B6009EBC9D /* Build configuration list for PBXNativeTarget "WaterFall" */;
			buildPhases = (
				B7D4BBF41E2751B6009EBC9D /* Sources */,
				B7D4BBF51E2751B6009EBC9D /* Frameworks */,
				B7D4BBF61E2751B6009EBC9D /* Resources */,
			);
			buildRules = (
			);
			dependencies = (
			);
			name = WaterFall;
			productName = WaterFall;
			productReference = B7D4BBF81E2751B6009EBC9D /* WaterFall.app */;
			productType = "com.apple.product-type.application";
		};
		B7D4BC0A1E2751B6009EBC9D /* WaterFallTests */ = {
			isa = PBXNativeTarget;
			buildConfigurationList = B7D4BC221E2751B6009EBC9D /* Build configuration list for PBXNativeTarget "WaterFallTests" */;
			buildPhases = (
				B7D4BC071E2751B6009EBC9D /* Sources */,
				B7D4BC081E2751B6009EBC9D /* Frameworks */,
				B7D4BC091E2751B6009EBC9D /* Resources */,
			);
			buildRules = (
			);
			dependencies = (
				B7D4BC0D1E2751B6009EBC9D /* PBXTargetDependency */,
			);
			name = WaterFallTests;
			productName = WaterFallTests;
			productReference = B7D4BC0B1E2751B6009EBC9D /* WaterFallTests.xctest */;
			productType = "com.apple.product-type.bundle.unit-test";
		};
		B7D4BC151E2751B6009EBC9D /* WaterFallUITests */ = {
			isa = PBXNativeTarget;
			buildConfigurationList = B7D4BC251E2751B6009EBC9D /* Build configuration list for PBXNativeTarget "WaterFallUITests" */;
			buildPhases = (
				B7D4BC121E2751B6009EBC9D /* Sources */,
				B7D4BC131E2751B6009EBC9D /* Frameworks */,
				B7D4BC141E2751B6009EBC9D /* Resources */,
			);
			buildRules = (
			);
			dependencies = (
				B7D4BC181E2751B6009EBC9D /* PBXTargetDependency */,
			);
			name = WaterFallUITests;
			productName = WaterFallUITests;
			productReference = B7D4BC161E2751B6009EBC9D /* WaterFallUITests.xctest */;
			productType = "com.apple.product-type.bundle.ui-testing";
		};
/* End PBXNativeTarget section */

/* Begin PBXProject section */
		B7D4BBF01E2751B6009EBC9D /* Project object */ = {
			isa = PBXProject;
			attributes = {
				LastUpgradeCheck = 0820;
				ORGANIZATIONNAME = Rain;
				TargetAttributes = {
					B7D4BBF71E2751B6009EBC9D = {
						CreatedOnToolsVersion = 8.2.1;
						DevelopmentTeam = N96TB86JA3;
						ProvisioningStyle = Automatic;
					};
					B7D4BC0A1E2751B6009EBC9D = {
						CreatedOnToolsVersion = 8.2.1;
						DevelopmentTeam = N96TB86JA3;
						ProvisioningStyle = Automatic;
						TestTargetID = B7D4BBF71E2751B6009EBC9D;
					};
					B7D4BC151E2751B6009EBC9D = {
						CreatedOnToolsVersion = 8.2.1;
						DevelopmentTeam = N96TB86JA3;
						ProvisioningStyle = Automatic;
						TestTargetID = B7D4BBF71E2751B6009EBC9D;
					};
				};
			};
			buildConfigurationList = B7D4BBF31E2751B6009EBC9D /* Build configuration list for PBXProject "WaterFall" */;
			compatibilityVersion = "Xcode 3.2";
			developmentRegion = English;
			hasScannedForEncodings = 0;
			knownRegions = (
				en,
				Base,
			);
			mainGroup = B7D4BBEF1E2751B6009EBC9D;
			productRefGroup = B7D4BBF91E2751B6009EBC9D /* Products */;
			projectDirPath = "";
			projectRoot = "";
			targets = (
				B7D4BBF71E2751B6009EBC9D /* WaterFall */,
				B7D4BC0A1E2751B6009EBC9D /* WaterFallTests */,
				B7D4BC151E2751B6009EBC9D /* WaterFallUITests */,
			);
		};
/* End PBXProject section */

/* Begin PBXResourcesBuildPhase section */
		B7D4BBF61E2751B6009EBC9D /* Resources */ = {
			isa = PBXResourcesBuildPhase;
			buildActionMask = 2147483647;
			files = (
				B7D4BCC51E275B7A009EBC9D /* 10.jpg in Resources */,
				B7D4BCC31E275B7A009EBC9D /* 8.jpg in Resources */,
				B7D4BCC11E275B7A009EBC9D /* 6.jpg in Resources */,
				B7D4BC351E2752A2009EBC9D /* ImageCell.xib in Resources */,
				B7D4BCC01E275B7A009EBC9D /* 5.jpg in Resources */,
				B7D4BCC71E275B7A009EBC9D /* 12.jpg in Resources */,
				B7D4BCC61E275B7A009EBC9D /* 11.jpg in Resources */,
				B7D4BCBF1E275B7A009EBC9D /* 4.jpg in Resources */,
				B7D4BCC91E275B7A009EBC9D /* 14.jpg in Resources */,
				B7D4BCBC1E275B7A009EBC9D /* 1.jpg in Resources */,
				B7D4BCC81E275B7A009EBC9D /* 13.jpg in Resources */,
				B7D4BCBD1E275B7A009EBC9D /* 2.jpg in Resources */,
				B7D4BCBE1E275B7A009EBC9D /* 3.jpg in Resources */,
				B7D4BCC21E275B7A009EBC9D /* 7.jpg in Resources */,
				B7D4BCC41E275B7A009EBC9D /* 9.jpg in Resources */,
				B7D4BC021E2751B6009EBC9D /* Assets.xcassets in Resources */,
				B7D4BCCB1E275B7A009EBC9D /* 16.jpg in Resources */,
				B7D4BC051E2751B6009EBC9D /* LaunchScreen.storyboard in Resources */,
				B7D4BCCA1E275B7A009EBC9D /* 15.jpg in Resources */,
			);
			runOnlyForDeploymentPostprocessing = 0;
		};
		B7D4BC091E2751B6009EBC9D /* Resources */ = {
			isa = PBXResourcesBuildPhase;
			buildActionMask = 2147483647;
			files = (
			);
			runOnlyForDeploymentPostprocessing = 0;
		};
		B7D4BC141E2751B6009EBC9D /* Resources */ = {
			isa = PBXResourcesBuildPhase;
			buildActionMask = 2147483647;
			files = (
			);
			runOnlyForDeploymentPostprocessing = 0;
		};
/* End PBXResourcesBuildPhase section */

/* Begin PBXSourcesBuildPhase section */
		B7D4BBF41E2751B6009EBC9D /* Sources */ = {
			isa = PBXSourcesBuildPhase;
			buildActionMask = 2147483647;
			files = (
				B7D4BC2D1E275238009EBC9D /* WaterFallController.m in Sources */,
				B7D4BC341E2752A2009EBC9D /* ImageCell.m in Sources */,
				B7D4BC001E2751B6009EBC9D /* AppDelegate.m in Sources */,
				B7D4BBFD1E2751B6009EBC9D /* main.m in Sources */,
				B7D4BC301E275253009EBC9D /* ImageModel.m in Sources */,
			);
			runOnlyForDeploymentPostprocessing = 0;
		};
		B7D4BC071E2751B6009EBC9D /* Sources */ = {
			isa = PBXSourcesBuildPhase;
			buildActionMask = 2147483647;
			files = (
				B7D4BC101E2751B6009EBC9D /* WaterFallTests.m in Sources */,
			);
			runOnlyForDeploymentPostprocessing = 0;
		};
		B7D4BC121E2751B6009EBC9D /* Sources */ = {
			isa = PBXSourcesBuildPhase;
			buildActionMask = 2147483647;
			files = (
				B7D4BC1B1E2751B6009EBC9D /* WaterFallUITests.m in Sources */,
			);
			runOnlyForDeploymentPostprocessing = 0;
		};
/* End PBXSourcesBuildPhase section */

/* Begin PBXTargetDependency section */
		B7D4BC0D1E2751B6009EBC9D /* PBXTargetDependency */ = {
			isa = PBXTargetDependency;
			target = B7D4BBF71E2751B6009EBC9D /* WaterFall */;
			targetProxy = B7D4BC0C1E2751B6009EBC9D /* PBXContainerItemProxy */;
		};
		B7D4BC181E2751B6009EBC9D /* PBXTargetDependency */ = {
			isa = PBXTargetDependency;
			target = B7D4BBF71E2751B6009EBC9D /* WaterFall */;
			targetProxy = B7D4BC171E2751B6009EBC9D /* PBXContainerItemProxy */;
		};
/* End PBXTargetDependency section */

/* Begin PBXVariantGroup section */
		B7D4BC031E2751B6009EBC9D /* LaunchScreen.storyboard */ = {
			isa = PBXVariantGroup;
			children = (
				B7D4BC041E2751B6009EBC9D /* Base */,
			);
			name = LaunchScreen.storyboard;
			sourceTree = "<group>";
		};
/* End PBXVariantGroup section */

/* Begin XCBuildConfiguration section */
		B7D4BC1D1E2751B6009EBC9D /* Debug */ = {
			isa = XCBuildConfiguration;
			buildSettings = {
				ALWAYS_SEARCH_USER_PATHS = NO;
				CLANG_ANALYZER_NONNULL = YES;
				CLANG_CXX_LANGUAGE_STANDARD = "gnu++0x";
				CLANG_CXX_LIBRARY = "libc++";
				CLANG_ENABLE_MODULES = YES;
				CLANG_ENABLE_OBJC_ARC = YES;
				CLANG_WARN_BOOL_CONVERSION = YES;
				CLANG_WARN_CONSTANT_CONVERSION = YES;
				CLANG_WARN_DIRECT_OBJC_ISA_USAGE = YES_ERROR;
				CLANG_WARN_DOCUMENTATION_COMMENTS = YES;
				CLANG_WARN_EMPTY_BODY = YES;
				CLANG_WARN_ENUM_CONVERSION = YES;
				CLANG_WARN_INFINITE_RECURSION = YES;
				CLANG_WARN_INT_CONVERSION = YES;
				CLANG_WARN_OBJC_ROOT_CLASS = YES_ERROR;
				CLANG_WARN_SUSPICIOUS_MOVE = YES;
				CLANG_WARN_UNREACHABLE_CODE = YES;
				CLANG_WARN__DUPLICATE_METHOD_MATCH = YES;
				"CODE_SIGN_IDENTITY[sdk=iphoneos*]" = "iPhone Developer";
				COPY_PHASE_STRIP = NO;
				DEBUG_INFORMATION_FORMAT = dwarf;
				ENABLE_STRICT_OBJC_MSGSEND = YES;
				ENABLE_TESTABILITY = YES;
				GCC_C_LANGUAGE_STANDARD = gnu99;
				GCC_DYNAMIC_NO_PIC = NO;
				GCC_NO_COMMON_BLOCKS = YES;
				GCC_OPTIMIZATION_LEVEL = 0;
				GCC_PREPROCESSOR_DEFINITIONS = (
					"DEBUG=1",
					"$(inherited)",
				);
				GCC_WARN_64_TO_32_BIT_CONVERSION = YES;
				GCC_WARN_ABOUT_RETURN_TYPE = YES_ERROR;
				GCC_WARN_UNDECLARED_SELECTOR = YES;
				GCC_WARN_UNINITIALIZED_AUTOS = YES_AGGRESSIVE;
				GCC_WARN_UNUSED_FUNCTION = YES;
				GCC_WARN_UNUSED_VARIABLE = YES;
				IPHONEOS_DEPLOYMENT_TARGET = 10.2;
				MTL_ENABLE_DEBUG_INFO = YES;
				ONLY_ACTIVE_ARCH = YES;
				SDKROOT = iphoneos;
				TARGETED_DEVICE_FAMILY = "1,2";
			};
			name = Debug;
		};
		B7D4BC1E1E2751B6009EBC9D /* Release */ = {
			isa = XCBuildConfiguration;
			buildSettings = {
				ALWAYS_SEARCH_USER_PATHS = NO;
				CLANG_ANALYZER_NONNULL = YES;
				CLANG_CXX_LANGUAGE_STANDARD = "gnu++0x";
				CLANG_CXX_LIBRARY = "libc++";
				CLANG_ENABLE_MODULES = YES;
				CLANG_ENABLE_OBJC_ARC = YES;
				CLANG_WARN_BOOL_CONVERSION = YES;
				CLANG_WARN_CONSTANT_CONVERSION = YES;
				CLANG_WARN_DIRECT_OBJC_ISA_USAGE = YES_ERROR;
				CLANG_WARN_DOCUMENTATION_COMMENTS = YES;
				CLANG_WARN_EMPTY_BODY = YES;
				CLANG_WARN_ENUM_CONVERSION = YES;
				CLANG_WARN_INFINITE_RECURSION = YES;
				CLANG_WARN_INT_CONVERSION = YES;
				CLANG_WARN_OBJC_ROOT_CLASS = YES_ERROR;
				CLANG_WARN_SUSPICIOUS_MOVE = YES;
				CLANG_WARN_UNREACHABLE_CODE = YES;
				CLANG_WARN__DUPLICATE_METHOD_MATCH = YES;
				"CODE_SIGN_IDENTITY[sdk=iphoneos*]" = "iPhone Developer";
				COPY_PHASE_STRIP = NO;
				DEBUG_INFORMATION_FORMAT = "dwarf-with-dsym";
				ENABLE_NS_ASSERTIONS = NO;
				ENABLE_STRICT_OBJC_MSGSEND = YES;
				GCC_C_LANGUAGE_STANDARD = gnu99;
				GCC_NO_COMMON_BLOCKS = YES;
				GCC_WARN_64_TO_32_BIT_CONVERSION = YES;
				GCC_WARN_ABOUT_RETURN_TYPE = YES_ERROR;
				GCC_WARN_UNDECLARED_SELECTOR = YES;
				GCC_WARN_UNINITIALIZED_AUTOS = YES_AGGRESSIVE;
				GCC_WARN_UNUSED_FUNCTION = YES;
				GCC_WARN_UNUSED_VARIABLE = YES;
				IPHONEOS_DEPLOYMENT_TARGET = 10.2;
				MTL_ENABLE_DEBUG_INFO = NO;
				SDKROOT = iphoneos;
				TARGETED_DEVICE_FAMILY = "1,2";
				VALIDATE_PRODUCT = YES;
			};
			name = Release;
		};
		B7D4BC201E2751B6009EBC9D /* Debug */ = {
			isa = XCBuildConfiguration;
			buildSettings = {
				ASSETCATALOG_COMPILER_APPICON_NAME = AppIcon;
				DEVELOPMENT_TEAM = N96TB86JA3;
				INFOPLIST_FILE = WaterFall/Info.plist;
				LD_RUNPATH_SEARCH_PATHS = "$(inherited) @executable_path/Frameworks";
				PRODUCT_BUNDLE_IDENTIFIER = Youxiake.WaterFall;
				PRODUCT_NAME = "$(TARGET_NAME)";
			};
			name = Debug;
		};
		B7D4BC211E2751B6009EBC9D /* Release */ = {
			isa = XCBuildConfiguration;
			buildSettings = {
				ASSETCATALOG_COMPILER_APPICON_NAME = AppIcon;
				DEVELOPMENT_TEAM = N96TB86JA3;
				INFOPLIST_FILE = WaterFall/Info.plist;
				LD_RUNPATH_SEARCH_PATHS = "$(inherited) @executable_path/Frameworks";
				PRODUCT_BUNDLE_IDENTIFIER = Youxiake.WaterFall;
				PRODUCT_NAME = "$(TARGET_NAME)";
			};
			name = Release;
		};
		B7D4BC231E2751B6009EBC9D /* Debug */ = {
			isa = XCBuildConfiguration;
			buildSettings = {
				BUNDLE_LOADER = "$(TEST_HOST)";
				DEVELOPMENT_TEAM = N96TB86JA3;
				INFOPLIST_FILE = WaterFallTests/Info.plist;
				LD_RUNPATH_SEARCH_PATHS = "$(inherited) @executable_path/Frameworks @loader_path/Frameworks";
				PRODUCT_BUNDLE_IDENTIFIER = Youxiake.WaterFallTests;
				PRODUCT_NAME = "$(TARGET_NAME)";
				TEST_HOST = "$(BUILT_PRODUCTS_DIR)/WaterFall.app/WaterFall";
			};
			name = Debug;
		};
		B7D4BC241E2751B6009EBC9D /* Release */ = {
			isa = XCBuildConfiguration;
			buildSettings = {
				BUNDLE_LOADER = "$(TEST_HOST)";
				DEVELOPMENT_TEAM = N96TB86JA3;
				INFOPLIST_FILE = WaterFallTests/Info.plist;
				LD_RUNPATH_SEARCH_PATHS = "$(inherited) @executable_path/Frameworks @loader_path/Frameworks";
				PRODUCT_BUNDLE_IDENTIFIER = Youxiake.WaterFallTests;
				PRODUCT_NAME = "$(TARGET_NAME)";
				TEST_HOST = "$(BUILT_PRODUCTS_DIR)/WaterFall.app/WaterFall";
			};
			name = Release;
		};
		B7D4BC261E2751B6009EBC9D /* Debug */ = {
			isa = XCBuildConfiguration;
			buildSettings = {
				DEVELOPMENT_TEAM = N96TB86JA3;
				INFOPLIST_FILE = WaterFallUITests/Info.plist;
				LD_RUNPATH_SEARCH_PATHS = "$(inherited) @executable_path/Frameworks @loader_path/Frameworks";
				PRODUCT_BUNDLE_IDENTIFIER = Youxiake.WaterFallUITests;
				PRODUCT_NAME = "$(TARGET_NAME)";
				TEST_TARGET_NAME = WaterFall;
			};
			name = Debug;
		};
		B7D4BC271E2751B6009EBC9D /* Release */ = {
			isa = XCBuildConfiguration;
			buildSettings = {
				DEVELOPMENT_TEAM = N96TB86JA3;
				INFOPLIST_FILE = WaterFallUITests/Info.plist;
				LD_RUNPATH_SEARCH_PATHS = "$(inherited) @executable_path/Frameworks @loader_path/Frameworks";
				PRODUCT_BUNDLE_IDENTIFIER = Youxiake.WaterFallUITests;
				PRODUCT_NAME = "$(TARGET_NAME)";
				TEST_TARGET_NAME = WaterFall;
			};
			name = Release;
		};
/* End XCBuildConfiguration section */

/* Begin XCConfigurationList section */
		B7D4BBF31E2751B6009EBC9D /* Build configuration list for PBXProject "WaterFall" */ = {
			isa = XCConfigurationList;
			buildConfigurations = (
				B7D4BC1D1E2751B6009EBC9D /* Debug */,
				B7D4BC1E1E2751B6009EBC9D /* Release */,
			);
			defaultConfigurationIsVisible = 0;
			defaultConfigurationName = Release;
		};
		B7D4BC1F1E2751B6009EBC9D /* Build configuration list for PBXNativeTarget "WaterFall" */ = {
			isa = XCConfigurationList;
			buildConfigurations = (
				B7D4BC201E2751B6009EBC9D /* Debug */,
				B7D4BC211E2751B6009EBC9D /* Release */,
			);
			defaultConfigurationIsVisible = 0;
			defaultConfigurationName = Release;
		};
		B7D4BC221E2751B6009EBC9D /* Build configuration list for PBXNativeTarget "WaterFallTests" */ = {
			isa = XCConfigurationList;
			buildConfigurations = (
				B7D4BC231E2751B6009EBC9D /* Debug */,
				B7D4BC241E2751B6009EBC9D /* Release */,
			);
			defaultConfigurationIsVisible = 0;
			defaultConfigurationName = Release;
		};
		B7D4BC251E2751B6009EBC9D /* Build configuration list for PBXNativeTarget "WaterFallUITests" */ = {
			isa = XCConfigurationList;
			buildConfigurations = (
				B7D4BC261E2751B6009EBC9D /* Debug */,
				B7D4BC271E2751B6009EBC9D /* Release */,
			);
			defaultConfigurationIsVisible = 0;
			defaultConfigurationName = Release;
		};
/* End XCConfigurationList section */
	};
	rootObject = B7D4BBF01E2751B6009EBC9D /* Project object */;
}
